
Microsoft Visual Studio Solution File, Format Version 12.00
# Visual Studio Version 16
VisualStudioVersion = 16.0.28803.352
MinimumVisualStudioVersion = 10.0.40219.1
Project("{9A19103F-16F7-4668-BE54-9A1E7A4F7556}") = "KK_StudioSimpleColorOnGirls", "StudioSimpleColorOnGirls\KK_StudioSimpleColorOnGirls.csproj", "{670A8493-10C7-4071-8FC8-A49ACE4CCFDB}"
EndProject
Project("{D954291E-2A0B-460D-934E-DC6B0785DB48}") = "Extension", "Extension\Extension.shproj", "{0646BE09-F599-4EDB-B115-DE4043C8D3BE}"
EndProject
Project("{9A19103F-16F7-4668-BE54-9A1E7A4F7556}") = "KK_StudioCharaOnlyLoadBody", "StudioCharaOnlyLoadBody\KK_StudioCharaOnlyLoadBody.csproj", "{DAD31687-4DE7-47C3-AF78-6D366DA10407}"
	ProjectSection(ProjectDependencies) = postProject
		{5FF39402-D216-42DE-9AAA-BA34103F1786} = {5FF39402-D216-42DE-9AAA-BA34103F1786}
	EndProjectSection
EndProject
Project("{9A19103F-16F7-4668-BE54-9A1E7A4F7556}") = "UIUtility", "UIUtility\UIUtility.csproj", "{5FF39402-D216-42DE-9AAA-BA34103F1786}"
EndProject
Project("{9A19103F-16F7-4668-BE54-9A1E7A4F7556}") = "KK_StudioReflectFKFix", "StudioReflectFKFix\KK_StudioReflectFKFix.csproj", "{0C47EBAA-B09C-44E1-B114-5337B8BEBA79}"
EndProject
Project("{9A19103F-16F7-4668-BE54-9A1E7A4F7556}") = "KK_StudioTextPlugin", "StudioTextPlugin\KK_StudioTextPlugin.csproj", "{D02E90AF-BE20-4EAE-A462-5EFDA36095A9}"
EndProject
Project("{9A19103F-16F7-4668-BE54-9A1E7A4F7556}") = "FBIOpenUp", "FBIOpenUp\FBIOpenUp.csproj", "{661B77CE-D337-49D2-A359-AD85E68986B2}"
EndProject
Project("{9A19103F-16F7-4668-BE54-9A1E7A4F7556}") = "StudioAutoCloseLoadingSceneWindow", "StudioAutoCloseLoadingSceneWindow\StudioAutoCloseLoadingSceneWindow.csproj", "{A5F430A2-AE7A-4BCD-A380-0F73ADD7A4A3}"
EndProject
Project("{9A19103F-16F7-4668-BE54-9A1E7A4F7556}") = "PluginListTool", "PluginListTool\PluginListTool.csproj", "{EAA640EA-AC91-41C6-A655-4AB5A364986D}"
EndProject
Project("{2150E333-8FDC-42A3-9474-1A3956D46DE8}") = "Solution Items", "Solution Items", "{BEA015AE-BB02-4641-8DAE-CEF9BB0A2191}"
	ProjectSection(SolutionItems) = preProject
		README.md = README.md
	EndProjectSection
EndProject
Project("{9A19103F-16F7-4668-BE54-9A1E7A4F7556}") = "PNGCaptureSizeModifier", "PNGCaptureSizeModifier\PNGCaptureSizeModifier.csproj", "{2D638E6E-8295-40D9-B76E-6F5A06779C6B}"
EndProject
Project("{9A19103F-16F7-4668-BE54-9A1E7A4F7556}") = "KK_StudioChikaReplacer", "StudioChikaReplacer\KK_StudioChikaReplacer.csproj", "{3438C334-6A7E-47CC-B243-0A3410FDC44F}"
EndProject
Project("{9A19103F-16F7-4668-BE54-9A1E7A4F7556}") = "StudioCharaLightLinkedToCamera", "StudioCharaLightLinkedToCamera\StudioCharaLightLinkedToCamera.csproj", "{82C2994C-24EB-4DF4-A367-2F33EC849978}"
EndProject
Project("{9A19103F-16F7-4668-BE54-9A1E7A4F7556}") = "KK_StudioDualScreen", "StudioDualScreen\KK_StudioDualScreen.csproj", "{E70886B9-0AEC-444B-90A1-95E47C4FE03F}"
EndProject
Project("{9A19103F-16F7-4668-BE54-9A1E7A4F7556}") = "KK_StudioSaveWorkspaceOrderFix", "StudioSaveWorkspaceOrderFix\KK_StudioSaveWorkspaceOrderFix.csproj", "{4F3E6D68-D3B2-4A0F-817A-272EAAFB91AA}"
EndProject
Project("{9A19103F-16F7-4668-BE54-9A1E7A4F7556}") = "ScriptLoaderScript", "ScriptLoaderScript\ScriptLoaderScript.csproj", "{3ED29578-EACC-48A8-8130-906469544508}"
EndProject
Project("{FAE04EC0-301F-11D3-BF4B-00C04F79EFBC}") = "KK_Sample", "Sample\KK_Sample.csproj", "{957DEC7D-0D10-41E5-9CF6-A72902355CCC}"
EndProject
Project("{9A19103F-16F7-4668-BE54-9A1E7A4F7556}") = "CoordinateCapturePoseUnlock", "CoordinateCapturePoseUnlock\CoordinateCapturePoseUnlock.csproj", "{7AAC6224-8071-4198-818B-5F18A6FBC4B4}"
EndProject
Project("{9A19103F-16F7-4668-BE54-9A1E7A4F7556}") = "KK_StudioTransgenderLoading", "StudioTransgenderLoading\KK_StudioTransgenderLoading.csproj", "{AC89E605-C385-4E44-B781-5EE60C7BC70A}"
EndProject
Project("{9A19103F-16F7-4668-BE54-9A1E7A4F7556}") = "CoordinateLoadOption", "CoordinateLoadOption\CoordinateLoadOption.csproj", "{85268FD6-A1FD-41AA-84D9-71F18815C034}"
EndProject
Project("{9A19103F-16F7-4668-BE54-9A1E7A4F7556}") = "KK_StudioMenuScrollingText", "StudioMenuScrollingText\KK_StudioMenuScrollingText.csproj", "{B27D7AED-568B-462F-BACA-BA2A19CCF9F6}"
EndProject
Project("{9A19103F-16F7-4668-BE54-9A1E7A4F7556}") = "SaveLoadCompressionWeb", "SaveLoadCompressionWeb\SaveLoadCompressionWeb.csproj", "{7ACB48D7-A67B-4458-9241-F64ADE3E9028}"
EndProject
Project("{9A19103F-16F7-4668-BE54-9A1E7A4F7556}") = "SaveLoadCompression", "SaveLoadCompression\SaveLoadCompression.csproj", "{51758989-959A-4A3E-B70C-CE4792C6D848}"
EndProject
Global
	GlobalSection(SharedMSBuildProjectFiles) = preSolution
		Extension\Extension.projitems*{0646be09-f599-4edb-b115-de4043c8d3be}*SharedItemsImports = 13
		Extension\Extension.projitems*{2d638e6e-8295-40d9-b76e-6f5a06779c6b}*SharedItemsImports = 5
		Extension\Extension.projitems*{51758989-959a-4a3e-b70c-ce4792c6d848}*SharedItemsImports = 5
		Extension\Extension.projitems*{661b77ce-d337-49d2-a359-ad85e68986b2}*SharedItemsImports = 5
		Extension\Extension.projitems*{7aac6224-8071-4198-818b-5f18a6fbc4b4}*SharedItemsImports = 5
		Extension\Extension.projitems*{82c2994c-24eb-4df4-a367-2f33ec849978}*SharedItemsImports = 5
		Extension\Extension.projitems*{85268fd6-a1fd-41aa-84d9-71f18815c034}*SharedItemsImports = 5
		Extension\Extension.projitems*{a5f430a2-ae7a-4bcd-a380-0f73add7a4a3}*SharedItemsImports = 5
		Extension\Extension.projitems*{eaa640ea-ac91-41c6-a655-4ab5a364986d}*SharedItemsImports = 5
	EndGlobalSection
	GlobalSection(SolutionConfigurationPlatforms) = preSolution
		Debug|Any CPU = Debug|Any CPU
		Release|Any CPU = Release|Any CPU
	EndGlobalSection
	GlobalSection(ProjectConfigurationPlatforms) = postSolution
		{670A8493-10C7-4071-8FC8-A49ACE4CCFDB}.Debug|Any CPU.ActiveCfg = Debug|Any CPU
		{670A8493-10C7-4071-8FC8-A49ACE4CCFDB}.Debug|Any CPU.Build.0 = Debug|Any CPU
		{670A8493-10C7-4071-8FC8-A49ACE4CCFDB}.Release|Any CPU.ActiveCfg = Release|Any CPU
		{670A8493-10C7-4071-8FC8-A49ACE4CCFDB}.Release|Any CPU.Build.0 = Release|Any CPU
		{DAD31687-4DE7-47C3-AF78-6D366DA10407}.Debug|Any CPU.ActiveCfg = Debug|Any CPU
		{DAD31687-4DE7-47C3-AF78-6D366DA10407}.Debug|Any CPU.Build.0 = Debug|Any CPU
		{DAD31687-4DE7-47C3-AF78-6D366DA10407}.Release|Any CPU.ActiveCfg = Release|Any CPU
		{DAD31687-4DE7-47C3-AF78-6D366DA10407}.Release|Any CPU.Build.0 = Release|Any CPU
		{5FF39402-D216-42DE-9AAA-BA34103F1786}.Debug|Any CPU.ActiveCfg = Debug|Any CPU
		{5FF39402-D216-42DE-9AAA-BA34103F1786}.Debug|Any CPU.Build.0 = Debug|Any CPU
		{5FF39402-D216-42DE-9AAA-BA34103F1786}.Release|Any CPU.ActiveCfg = Release|Any CPU
		{5FF39402-D216-42DE-9AAA-BA34103F1786}.Release|Any CPU.Build.0 = Release|Any CPU
		{0C47EBAA-B09C-44E1-B114-5337B8BEBA79}.Debug|Any CPU.ActiveCfg = Debug|Any CPU
		{0C47EBAA-B09C-44E1-B114-5337B8BEBA79}.Debug|Any CPU.Build.0 = Debug|Any CPU
		{0C47EBAA-B09C-44E1-B114-5337B8BEBA79}.Release|Any CPU.ActiveCfg = Release|Any CPU
		{0C47EBAA-B09C-44E1-B114-5337B8BEBA79}.Release|Any CPU.Build.0 = Release|Any CPU
		{D02E90AF-BE20-4EAE-A462-5EFDA36095A9}.Debug|Any CPU.ActiveCfg = Debug|Any CPU
		{D02E90AF-BE20-4EAE-A462-5EFDA36095A9}.Debug|Any CPU.Build.0 = Debug|Any CPU
		{D02E90AF-BE20-4EAE-A462-5EFDA36095A9}.Release|Any CPU.ActiveCfg = Release|Any CPU
		{D02E90AF-BE20-4EAE-A462-5EFDA36095A9}.Release|Any CPU.Build.0 = Release|Any CPU
		{661B77CE-D337-49D2-A359-AD85E68986B2}.Debug|Any CPU.ActiveCfg = Debug|Any CPU
		{661B77CE-D337-49D2-A359-AD85E68986B2}.Debug|Any CPU.Build.0 = Debug|Any CPU
		{661B77CE-D337-49D2-A359-AD85E68986B2}.Release|Any CPU.ActiveCfg = Release|Any CPU
		{661B77CE-D337-49D2-A359-AD85E68986B2}.Release|Any CPU.Build.0 = Release|Any CPU
		{A5F430A2-AE7A-4BCD-A380-0F73ADD7A4A3}.Debug|Any CPU.ActiveCfg = Debug|Any CPU
		{A5F430A2-AE7A-4BCD-A380-0F73ADD7A4A3}.Debug|Any CPU.Build.0 = Debug|Any CPU
		{A5F430A2-AE7A-4BCD-A380-0F73ADD7A4A3}.Release|Any CPU.ActiveCfg = Release|Any CPU
		{A5F430A2-AE7A-4BCD-A380-0F73ADD7A4A3}.Release|Any CPU.Build.0 = Release|Any CPU
		{EAA640EA-AC91-41C6-A655-4AB5A364986D}.Debug|Any CPU.ActiveCfg = Debug|Any CPU
		{EAA640EA-AC91-41C6-A655-4AB5A364986D}.Debug|Any CPU.Build.0 = Debug|Any CPU
		{EAA640EA-AC91-41C6-A655-4AB5A364986D}.Release|Any CPU.ActiveCfg = Release|Any CPU
		{EAA640EA-AC91-41C6-A655-4AB5A364986D}.Release|Any CPU.Build.0 = Release|Any CPU
		{2D638E6E-8295-40D9-B76E-6F5A06779C6B}.Debug|Any CPU.ActiveCfg = Debug|Any CPU
		{2D638E6E-8295-40D9-B76E-6F5A06779C6B}.Debug|Any CPU.Build.0 = Debug|Any CPU
		{2D638E6E-8295-40D9-B76E-6F5A06779C6B}.Release|Any CPU.ActiveCfg = Release|Any CPU
		{2D638E6E-8295-40D9-B76E-6F5A06779C6B}.Release|Any CPU.Build.0 = Release|Any CPU
		{3438C334-6A7E-47CC-B243-0A3410FDC44F}.Debug|Any CPU.ActiveCfg = Debug|Any CPU
		{3438C334-6A7E-47CC-B243-0A3410FDC44F}.Debug|Any CPU.Build.0 = Debug|Any CPU
		{3438C334-6A7E-47CC-B243-0A3410FDC44F}.Release|Any CPU.ActiveCfg = Release|Any CPU
		{3438C334-6A7E-47CC-B243-0A3410FDC44F}.Release|Any CPU.Build.0 = Release|Any CPU
		{82C2994C-24EB-4DF4-A367-2F33EC849978}.Debug|Any CPU.ActiveCfg = Debug|Any CPU
		{82C2994C-24EB-4DF4-A367-2F33EC849978}.Debug|Any CPU.Build.0 = Debug|Any CPU
		{82C2994C-24EB-4DF4-A367-2F33EC849978}.Release|Any CPU.ActiveCfg = Release|Any CPU
		{82C2994C-24EB-4DF4-A367-2F33EC849978}.Release|Any CPU.Build.0 = Release|Any CPU
		{E70886B9-0AEC-444B-90A1-95E47C4FE03F}.Debug|Any CPU.ActiveCfg = Debug|Any CPU
		{E70886B9-0AEC-444B-90A1-95E47C4FE03F}.Debug|Any CPU.Build.0 = Debug|Any CPU
		{E70886B9-0AEC-444B-90A1-95E47C4FE03F}.Release|Any CPU.ActiveCfg = Release|Any CPU
		{E70886B9-0AEC-444B-90A1-95E47C4FE03F}.Release|Any CPU.Build.0 = Release|Any CPU
		{4F3E6D68-D3B2-4A0F-817A-272EAAFB91AA}.Debug|Any CPU.ActiveCfg = Debug|Any CPU
		{4F3E6D68-D3B2-4A0F-817A-272EAAFB91AA}.Debug|Any CPU.Build.0 = Debug|Any CPU
		{4F3E6D68-D3B2-4A0F-817A-272EAAFB91AA}.Release|Any CPU.ActiveCfg = Release|Any CPU
		{4F3E6D68-D3B2-4A0F-817A-272EAAFB91AA}.Release|Any CPU.Build.0 = Release|Any CPU
		{3ED29578-EACC-48A8-8130-906469544508}.Debug|Any CPU.ActiveCfg = Debug|Any CPU
		{3ED29578-EACC-48A8-8130-906469544508}.Debug|Any CPU.Build.0 = Debug|Any CPU
		{3ED29578-EACC-48A8-8130-906469544508}.Release|Any CPU.ActiveCfg = Release|Any CPU
		{3ED29578-EACC-48A8-8130-906469544508}.Release|Any CPU.Build.0 = Release|Any CPU
		{957DEC7D-0D10-41E5-9CF6-A72902355CCC}.Debug|Any CPU.ActiveCfg = Debug|Any CPU
		{957DEC7D-0D10-41E5-9CF6-A72902355CCC}.Release|Any CPU.ActiveCfg = Release|Any CPU
		{7AAC6224-8071-4198-818B-5F18A6FBC4B4}.Debug|Any CPU.ActiveCfg = Debug|Any CPU
		{7AAC6224-8071-4198-818B-5F18A6FBC4B4}.Debug|Any CPU.Build.0 = Debug|Any CPU
		{7AAC6224-8071-4198-818B-5F18A6FBC4B4}.Release|Any CPU.ActiveCfg = Release|Any CPU
		{7AAC6224-8071-4198-818B-5F18A6FBC4B4}.Release|Any CPU.Build.0 = Release|Any CPU
		{AC89E605-C385-4E44-B781-5EE60C7BC70A}.Debug|Any CPU.ActiveCfg = Debug|Any CPU
		{AC89E605-C385-4E44-B781-5EE60C7BC70A}.Debug|Any CPU.Build.0 = Debug|Any CPU
		{AC89E605-C385-4E44-B781-5EE60C7BC70A}.Release|Any CPU.ActiveCfg = Release|Any CPU
		{AC89E605-C385-4E44-B781-5EE60C7BC70A}.Release|Any CPU.Build.0 = Release|Any CPU
		{85268FD6-A1FD-41AA-84D9-71F18815C034}.Debug|Any CPU.ActiveCfg = Debug|Any CPU
		{85268FD6-A1FD-41AA-84D9-71F18815C034}.Debug|Any CPU.Build.0 = Debug|Any CPU
		{85268FD6-A1FD-41AA-84D9-71F18815C034}.Release|Any CPU.ActiveCfg = Release|Any CPU
		{85268FD6-A1FD-41AA-84D9-71F18815C034}.Release|Any CPU.Build.0 = Release|Any CPU
		{B27D7AED-568B-462F-BACA-BA2A19CCF9F6}.Debug|Any CPU.ActiveCfg = Debug|Any CPU
		{B27D7AED-568B-462F-BACA-BA2A19CCF9F6}.Debug|Any CPU.Build.0 = Debug|Any CPU
		{B27D7AED-568B-462F-BACA-BA2A19CCF9F6}.Release|Any CPU.ActiveCfg = Release|Any CPU
		{B27D7AED-568B-462F-BACA-BA2A19CCF9F6}.Release|Any CPU.Build.0 = Release|Any CPU
		{7ACB48D7-A67B-4458-9241-F64ADE3E9028}.Debug|Any CPU.ActiveCfg = Debug|Any CPU
		{7ACB48D7-A67B-4458-9241-F64ADE3E9028}.Debug|Any CPU.Build.0 = Debug|Any CPU
		{7ACB48D7-A67B-4458-9241-F64ADE3E9028}.Release|Any CPU.ActiveCfg = Release|Any CPU
		{7ACB48D7-A67B-4458-9241-F64ADE3E9028}.Release|Any CPU.Build.0 = Release|Any CPU
		{51758989-959A-4A3E-B70C-CE4792C6D848}.Debug|Any CPU.ActiveCfg = Debug|Any CPU
		{51758989-959A-4A3E-B70C-CE4792C6D848}.Debug|Any CPU.Build.0 = Debug|Any CPU
		{51758989-959A-4A3E-B70C-CE4792C6D848}.Release|Any CPU.ActiveCfg = Release|Any CPU
		{51758989-959A-4A3E-B70C-CE4792C6D848}.Release|Any CPU.Build.0 = Release|Any CPU
	EndGlobalSection
	GlobalSection(SolutionProperties) = preSolution
		HideSolutionNode = FALSE
	EndGlobalSection
	GlobalSection(ExtensibilityGlobals) = postSolution
		RESX_Rules = {"EnabledRules":["StringFormat","WhiteSpaceLead","WhiteSpaceTail"]}
		RESX_NeutralResourcesLanguage = en-US
		SolutionGuid = {9C634E2C-489D-470F-94E5-72383D9364B5}
	EndGlobalSection
EndGlobal
